
Microsoft Visual Studio Solution File, Format Version 12.00
# Visual Studio Version 16
VisualStudioVersion = 16.0.31402.337
MinimumVisualStudioVersion = 10.0.40219.1
Project("{FAE04EC0-301F-11D3-BF4B-00C04F79EFBC}") = "MazeSolver", "MazeSolver\MazeSolver.csproj", "{9F17862A-971A-47AC-8131-A315A8135A8B}"
EndProject
Global
	GlobalSection(SolutionConfigurationPlatforms) = preSolution
		Debug|Any CPU = Debug|Any CPU
		Release|Any CPU = Release|Any CPU
	EndGlobalSection
	GlobalSection(ProjectConfigurationPlatforms) = postSolution
		{9F17862A-971A-47AC-8131-A315A8135A8B}.Debug|Any CPU.ActiveCfg = Debug|Any CPU
		{9F17862A-971A-47AC-8131-A315A8135A8B}.Debug|Any CPU.Build.0 = Debug|Any CPU
		{9F17862A-971A-47AC-8131-A315A8135A8B}.Release|Any CPU.ActiveCfg = Release|Any CPU
		{9F17862A-971A-47AC-8131-A315A8135A8B}.Release|Any CPU.Build.0 = Release|Any CPU
	EndGlobalSection
	GlobalSection(SolutionProperties) = preSolution
		HideSolutionNode = FALSE
	EndGlobalSection
	GlobalSection(ExtensibilityGlobals) = postSolution
		SolutionGuid = {DF492EAD-716E-4B5B-8F19-3D96F87EB95D}
	EndGlobalSection
EndGlobal
